
Microsoft Visual Studio Solution File, Format Version 12.00
# Visual Studio Version 17
VisualStudioVersion = 17.0.31903.59
MinimumVisualStudioVersion = 10.0.40219.1
Project("{FAE04EC0-301F-11D3-BF4B-00C04F79EFBC}") = "PrimeiroDesafioComPOO", "PrimeiroDesafioComPOO\PrimeiroDesafioComPOO.csproj", "{011CB390-FF7B-4E40-996A-8BC66E16B37F}"
EndProject
Project("{FAE04EC0-301F-11D3-BF4B-00C04F79EFBC}") = "UtilizandoPropriedadesEMetodos", "UtilizandoPropriedadesEMetodos\UtilizandoPropriedadesEMetodos.csproj", "{8FA4A192-0728-499E-BFB6-24C9CB5EA4C1}"
EndProject
Project("{FAE04EC0-301F-11D3-BF4B-00C04F79EFBC}") = "ExplorandoSintaxeETiposDeDados", "ExplorandoSintaxeETiposDeDados\ExplorandoSintaxeETiposDeDados.csproj", "{2033D33F-7DED-4A91-8C74-38E644B401F9}"
EndProject
Project("{FAE04EC0-301F-11D3-BF4B-00C04F79EFBC}") = "DominandoOsOperadores", "DominandoOsOperadores\DominandoOsOperadores.csproj", "{3C6A2A14-851F-4560-ABD4-44F10950550B}"
EndProject
Project("{FAE04EC0-301F-11D3-BF4B-00C04F79EFBC}") = "DesvendadoOCOntroleDeFluxo", "DesvendadoOCOntroleDeFluxo\DesvendadoOCOntroleDeFluxo.csproj", "{C03918E3-B0B1-417D-B851-98C84A6B3691}"
EndProject
Project("{FAE04EC0-301F-11D3-BF4B-00C04F79EFBC}") = "UtilizandoArrayEListas", "UtilizandoArrayEListas\UtilizandoArrayEListas.csproj", "{9E7DCAC0-53FD-4CA5-8460-B84E5255D112}"
EndProject
Global
	GlobalSection(SolutionConfigurationPlatforms) = preSolution
		Debug|Any CPU = Debug|Any CPU
		Release|Any CPU = Release|Any CPU
	EndGlobalSection
	GlobalSection(SolutionProperties) = preSolution
		HideSolutionNode = FALSE
	EndGlobalSection
	GlobalSection(ProjectConfigurationPlatforms) = postSolution
		{011CB390-FF7B-4E40-996A-8BC66E16B37F}.Debug|Any CPU.ActiveCfg = Debug|Any CPU
		{011CB390-FF7B-4E40-996A-8BC66E16B37F}.Debug|Any CPU.Build.0 = Debug|Any CPU
		{011CB390-FF7B-4E40-996A-8BC66E16B37F}.Release|Any CPU.ActiveCfg = Release|Any CPU
		{011CB390-FF7B-4E40-996A-8BC66E16B37F}.Release|Any CPU.Build.0 = Release|Any CPU
		{8FA4A192-0728-499E-BFB6-24C9CB5EA4C1}.Debug|Any CPU.ActiveCfg = Debug|Any CPU
		{8FA4A192-0728-499E-BFB6-24C9CB5EA4C1}.Debug|Any CPU.Build.0 = Debug|Any CPU
		{8FA4A192-0728-499E-BFB6-24C9CB5EA4C1}.Release|Any CPU.ActiveCfg = Release|Any CPU
		{8FA4A192-0728-499E-BFB6-24C9CB5EA4C1}.Release|Any CPU.Build.0 = Release|Any CPU
		{2033D33F-7DED-4A91-8C74-38E644B401F9}.Debug|Any CPU.ActiveCfg = Debug|Any CPU
		{2033D33F-7DED-4A91-8C74-38E644B401F9}.Debug|Any CPU.Build.0 = Debug|Any CPU
		{2033D33F-7DED-4A91-8C74-38E644B401F9}.Release|Any CPU.ActiveCfg = Release|Any CPU
		{2033D33F-7DED-4A91-8C74-38E644B401F9}.Release|Any CPU.Build.0 = Release|Any CPU
		{3C6A2A14-851F-4560-ABD4-44F10950550B}.Debug|Any CPU.ActiveCfg = Debug|Any CPU
		{3C6A2A14-851F-4560-ABD4-44F10950550B}.Debug|Any CPU.Build.0 = Debug|Any CPU
		{3C6A2A14-851F-4560-ABD4-44F10950550B}.Release|Any CPU.ActiveCfg = Release|Any CPU
		{3C6A2A14-851F-4560-ABD4-44F10950550B}.Release|Any CPU.Build.0 = Release|Any CPU
		{C03918E3-B0B1-417D-B851-98C84A6B3691}.Debug|Any CPU.ActiveCfg = Debug|Any CPU
		{C03918E3-B0B1-417D-B851-98C84A6B3691}.Debug|Any CPU.Build.0 = Debug|Any CPU
		{C03918E3-B0B1-417D-B851-98C84A6B3691}.Release|Any CPU.ActiveCfg = Release|Any CPU
		{C03918E3-B0B1-417D-B851-98C84A6B3691}.Release|Any CPU.Build.0 = Release|Any CPU
		{9E7DCAC0-53FD-4CA5-8460-B84E5255D112}.Debug|Any CPU.ActiveCfg = Debug|Any CPU
		{9E7DCAC0-53FD-4CA5-8460-B84E5255D112}.Debug|Any CPU.Build.0 = Debug|Any CPU
		{9E7DCAC0-53FD-4CA5-8460-B84E5255D112}.Release|Any CPU.ActiveCfg = Release|Any CPU
		{9E7DCAC0-53FD-4CA5-8460-B84E5255D112}.Release|Any CPU.Build.0 = Release|Any CPU
	EndGlobalSection
EndGlobal
