
Microsoft Visual Studio Solution File, Format Version 12.00
# Visual Studio Version 17
VisualStudioVersion = 17.5.002.0
MinimumVisualStudioVersion = 10.0.40219.1
Project("{9A19103F-16F7-4668-BE54-9A1E7A4F7556}") = "UtilizandoPropriedadesEMetodos", "UtilizandoPropriedadesEMetodos.csproj", "{9639B348-BF68-4E1F-A0FD-6242F702B899}"
EndProject
Global
	GlobalSection(SolutionConfigurationPlatforms) = preSolution
		Debug|Any CPU = Debug|Any CPU
		Release|Any CPU = Release|Any CPU
	EndGlobalSection
	GlobalSection(ProjectConfigurationPlatforms) = postSolution
		{9639B348-BF68-4E1F-A0FD-6242F702B899}.Debug|Any CPU.ActiveCfg = Debug|Any CPU
		{9639B348-BF68-4E1F-A0FD-6242F702B899}.Debug|Any CPU.Build.0 = Debug|Any CPU
		{9639B348-BF68-4E1F-A0FD-6242F702B899}.Release|Any CPU.ActiveCfg = Release|Any CPU
		{9639B348-BF68-4E1F-A0FD-6242F702B899}.Release|Any CPU.Build.0 = Release|Any CPU
	EndGlobalSection
	GlobalSection(SolutionProperties) = preSolution
		HideSolutionNode = FALSE
	EndGlobalSection
	GlobalSection(ExtensibilityGlobals) = postSolution
		SolutionGuid = {3F71B854-615F-4498-ADCD-217085A33FA5}
	EndGlobalSection
EndGlobal
